
Microsoft Visual Studio Solution File, Format Version 12.00
# Visual Studio Version 16
VisualStudioVersion = 16.0.30204.135
MinimumVisualStudioVersion = 10.0.40219.1
Project("{FAE04EC0-301F-11D3-BF4B-00C04F79EFBC}") = "IsRepeatingPlaylist", "IsRepeatingPlaylist\IsRepeatingPlaylist.csproj", "{4471D358-AF51-4448-9452-D0F3A6F152A7}"
EndProject
Global
	GlobalSection(SolutionConfigurationPlatforms) = preSolution
		Debug|Any CPU = Debug|Any CPU
		Release|Any CPU = Release|Any CPU
	EndGlobalSection
	GlobalSection(ProjectConfigurationPlatforms) = postSolution
		{4471D358-AF51-4448-9452-D0F3A6F152A7}.Debug|Any CPU.ActiveCfg = Debug|Any CPU
		{4471D358-AF51-4448-9452-D0F3A6F152A7}.Debug|Any CPU.Build.0 = Debug|Any CPU
		{4471D358-AF51-4448-9452-D0F3A6F152A7}.Release|Any CPU.ActiveCfg = Release|Any CPU
		{4471D358-AF51-4448-9452-D0F3A6F152A7}.Release|Any CPU.Build.0 = Release|Any CPU
	EndGlobalSection
	GlobalSection(SolutionProperties) = preSolution
		HideSolutionNode = FALSE
	EndGlobalSection
	GlobalSection(ExtensibilityGlobals) = postSolution
		SolutionGuid = {F0BA5CAE-AE55-427A-81C8-573075FE97AE}
	EndGlobalSection
EndGlobal
